
Microsoft Visual Studio Solution File, Format Version 12.00
# Visual Studio Version 17
VisualStudioVersion = 17.6.33829.357
MinimumVisualStudioVersion = 10.0.40219.1
Project("{9A19103F-16F7-4668-BE54-9A1E7A4F7556}") = "Swapping", "Algorithms\Swapping.csproj", "{11A0BBA7-6F7B-4DA7-BD85-93DF75B5256E}"
EndProject
Project("{FAE04EC0-301F-11D3-BF4B-00C04F79EFBC}") = "Fibonacci", "Fibonacci\Fibonacci.csproj", "{561A2B59-FEE6-435D-8165-87B36D97154B}"
EndProject
Project("{FAE04EC0-301F-11D3-BF4B-00C04F79EFBC}") = "IsPrime", "IsPrime\IsPrime.csproj", "{FF5AFA14-948D-46AD-A1D5-EF81CD948E92}"
EndProject
Project("{FAE04EC0-301F-11D3-BF4B-00C04F79EFBC}") = "BubbleSort", "BubbleSort\BubbleSort.csproj", "{CE5FCC65-BEF2-443A-B27D-8344BABC6D3D}"
EndProject
Global
	GlobalSection(SolutionConfigurationPlatforms) = preSolution
		Debug|Any CPU = Debug|Any CPU
		Release|Any CPU = Release|Any CPU
	EndGlobalSection
	GlobalSection(ProjectConfigurationPlatforms) = postSolution
		{11A0BBA7-6F7B-4DA7-BD85-93DF75B5256E}.Debug|Any CPU.ActiveCfg = Debug|Any CPU
		{11A0BBA7-6F7B-4DA7-BD85-93DF75B5256E}.Debug|Any CPU.Build.0 = Debug|Any CPU
		{11A0BBA7-6F7B-4DA7-BD85-93DF75B5256E}.Release|Any CPU.ActiveCfg = Release|Any CPU
		{11A0BBA7-6F7B-4DA7-BD85-93DF75B5256E}.Release|Any CPU.Build.0 = Release|Any CPU
		{561A2B59-FEE6-435D-8165-87B36D97154B}.Debug|Any CPU.ActiveCfg = Debug|Any CPU
		{561A2B59-FEE6-435D-8165-87B36D97154B}.Debug|Any CPU.Build.0 = Debug|Any CPU
		{561A2B59-FEE6-435D-8165-87B36D97154B}.Release|Any CPU.ActiveCfg = Release|Any CPU
		{561A2B59-FEE6-435D-8165-87B36D97154B}.Release|Any CPU.Build.0 = Release|Any CPU
		{FF5AFA14-948D-46AD-A1D5-EF81CD948E92}.Debug|Any CPU.ActiveCfg = Debug|Any CPU
		{FF5AFA14-948D-46AD-A1D5-EF81CD948E92}.Debug|Any CPU.Build.0 = Debug|Any CPU
		{FF5AFA14-948D-46AD-A1D5-EF81CD948E92}.Release|Any CPU.ActiveCfg = Release|Any CPU
		{FF5AFA14-948D-46AD-A1D5-EF81CD948E92}.Release|Any CPU.Build.0 = Release|Any CPU
		{CE5FCC65-BEF2-443A-B27D-8344BABC6D3D}.Debug|Any CPU.ActiveCfg = Debug|Any CPU
		{CE5FCC65-BEF2-443A-B27D-8344BABC6D3D}.Debug|Any CPU.Build.0 = Debug|Any CPU
		{CE5FCC65-BEF2-443A-B27D-8344BABC6D3D}.Release|Any CPU.ActiveCfg = Release|Any CPU
		{CE5FCC65-BEF2-443A-B27D-8344BABC6D3D}.Release|Any CPU.Build.0 = Release|Any CPU
	EndGlobalSection
	GlobalSection(SolutionProperties) = preSolution
		HideSolutionNode = FALSE
	EndGlobalSection
	GlobalSection(ExtensibilityGlobals) = postSolution
		SolutionGuid = {B34A236B-2C9B-4E73-9CC0-90725CC96C93}
	EndGlobalSection
EndGlobal
